
Microsoft Visual Studio Solution File, Format Version 12.00
# Visual Studio 15
VisualStudioVersion = 15.0.28307.168
MinimumVisualStudioVersion = 10.0.40219.1
Project("{FAE04EC0-301F-11D3-BF4B-00C04F79EFBC}") = "HalloForms", "HalloForms\HalloForms.csproj", "{FFDE32F8-F72B-44AB-8248-CAF589BFE1BC}"
EndProject
Global
	GlobalSection(SolutionConfigurationPlatforms) = preSolution
		Debug|Any CPU = Debug|Any CPU
		Release|Any CPU = Release|Any CPU
	EndGlobalSection
	GlobalSection(ProjectConfigurationPlatforms) = postSolution
		{FFDE32F8-F72B-44AB-8248-CAF589BFE1BC}.Debug|Any CPU.ActiveCfg = Debug|Any CPU
		{FFDE32F8-F72B-44AB-8248-CAF589BFE1BC}.Debug|Any CPU.Build.0 = Debug|Any CPU
		{FFDE32F8-F72B-44AB-8248-CAF589BFE1BC}.Release|Any CPU.ActiveCfg = Release|Any CPU
		{FFDE32F8-F72B-44AB-8248-CAF589BFE1BC}.Release|Any CPU.Build.0 = Release|Any CPU
	EndGlobalSection
	GlobalSection(SolutionProperties) = preSolution
		HideSolutionNode = FALSE
	EndGlobalSection
	GlobalSection(ExtensibilityGlobals) = postSolution
		SolutionGuid = {A55515F1-64CF-4476-B8AB-AC1C228DA86E}
	EndGlobalSection
EndGlobal
