
Microsoft Visual Studio Solution File, Format Version 12.00
# Visual Studio 15
VisualStudioVersion = 15.0.28307.168
MinimumVisualStudioVersion = 10.0.40219.1
Project("{FAE04EC0-301F-11D3-BF4B-00C04F79EFBC}") = "MeinProgramm", "MeinProgramm\MeinProgramm.csproj", "{F328603E-A2AF-4CAE-ADCC-A4EF3146683D}"
EndProject
Global
	GlobalSection(SolutionConfigurationPlatforms) = preSolution
		Debug|Any CPU = Debug|Any CPU
		Release|Any CPU = Release|Any CPU
	EndGlobalSection
	GlobalSection(ProjectConfigurationPlatforms) = postSolution
		{F328603E-A2AF-4CAE-ADCC-A4EF3146683D}.Debug|Any CPU.ActiveCfg = Debug|Any CPU
		{F328603E-A2AF-4CAE-ADCC-A4EF3146683D}.Debug|Any CPU.Build.0 = Debug|Any CPU
		{F328603E-A2AF-4CAE-ADCC-A4EF3146683D}.Release|Any CPU.ActiveCfg = Release|Any CPU
		{F328603E-A2AF-4CAE-ADCC-A4EF3146683D}.Release|Any CPU.Build.0 = Release|Any CPU
	EndGlobalSection
	GlobalSection(SolutionProperties) = preSolution
		HideSolutionNode = FALSE
	EndGlobalSection
	GlobalSection(ExtensibilityGlobals) = postSolution
		SolutionGuid = {C9209ECB-6218-4877-BF1B-2E650D9E4509}
	EndGlobalSection
EndGlobal
